// !$*UTF8*$!
{
	archiveVersion = 1;
	classes = {
	};
	objectVersion = 56;
	objects = {

/* Begin PBXBuildFile section */
		72607E052A70403B009E59F9 /* CashBudApp.swift in Sources */ = {isa = PBXBuildFile; fileRef = 72607E042A70403B009E59F9 /* CashBudApp.swift */; };
		72607E092A70403B009E59F9 /* Transaction.swift in Sources */ = {isa = PBXBuildFile; fileRef = 72607E082A70403B009E59F9 /* Transaction.swift */; };
		72607E0B2A704040009E59F9 /* Assets.xcassets in Resources */ = {isa = PBXBuildFile; fileRef = 72607E0A2A704040009E59F9 /* Assets.xcassets */; };
		72607E0E2A704040009E59F9 /* Preview Assets.xcassets in Resources */ = {isa = PBXBuildFile; fileRef = 72607E0D2A704040009E59F9 /* Preview Assets.xcassets */; };
		72607E1A2A704041009E59F9 /* CashBudTests.swift in Sources */ = {isa = PBXBuildFile; fileRef = 72607E192A704041009E59F9 /* CashBudTests.swift */; };
		72607E242A704041009E59F9 /* CashBudUITests.swift in Sources */ = {isa = PBXBuildFile; fileRef = 72607E232A704041009E59F9 /* CashBudUITests.swift */; };
		72607E262A704041009E59F9 /* CashBudUITestsLaunchTests.swift in Sources */ = {isa = PBXBuildFile; fileRef = 72607E252A704041009E59F9 /* CashBudUITestsLaunchTests.swift */; };
		72607E342A7108F6009E59F9 /* OverviewView.swift in Sources */ = {isa = PBXBuildFile; fileRef = 72607E332A7108F6009E59F9 /* OverviewView.swift */; };
		72607E362A710A9C009E59F9 /* OverviewViewModel.swift in Sources */ = {isa = PBXBuildFile; fileRef = 72607E352A710A9C009E59F9 /* OverviewViewModel.swift */; };
		72607E402A753F0B009E59F9 /* LocalPersistenceService.swift in Sources */ = {isa = PBXBuildFile; fileRef = 72607E3F2A753F0B009E59F9 /* LocalPersistenceService.swift */; };
		72607E422A77E0AE009E59F9 /* TransactionsListView.swift in Sources */ = {isa = PBXBuildFile; fileRef = 72607E412A77E0AE009E59F9 /* TransactionsListView.swift */; };
		72607E442A77E4ED009E59F9 /* TransactionsListViewModel.swift in Sources */ = {isa = PBXBuildFile; fileRef = 72607E432A77E4ED009E59F9 /* TransactionsListViewModel.swift */; };
		7292D36D2A9F9266006BA2AE /* TransactionMapper.swift in Sources */ = {isa = PBXBuildFile; fileRef = 7292D36C2A9F9266006BA2AE /* TransactionMapper.swift */; };
		72C980702A78FAE900499D90 /* Constants.swift in Sources */ = {isa = PBXBuildFile; fileRef = 72C9806F2A78FAE900499D90 /* Constants.swift */; };
		72C980722A78FF0C00499D90 /* TransactionsManager.swift in Sources */ = {isa = PBXBuildFile; fileRef = 72C980712A78FF0C00499D90 /* TransactionsManager.swift */; };
		72C980742A792A0900499D90 /* ChartView.swift in Sources */ = {isa = PBXBuildFile; fileRef = 72C980732A792A0900499D90 /* ChartView.swift */; };
		72C980802A7A73D000499D90 /* ChartViewModel.swift in Sources */ = {isa = PBXBuildFile; fileRef = 72C9807F2A7A73D000499D90 /* ChartViewModel.swift */; };
		72C980842A7E42AA00499D90 /* TransactionCreationProcessModel.swift in Sources */ = {isa = PBXBuildFile; fileRef = 72C980832A7E42AA00499D90 /* TransactionCreationProcessModel.swift */; };
		72C9808D2A7FC09F00499D90 /* CreateTransactionView.swift in Sources */ = {isa = PBXBuildFile; fileRef = 72C9808C2A7FC09F00499D90 /* CreateTransactionView.swift */; };
		72C9808F2A7FC62F00499D90 /* CreateTransactionViewModel.swift in Sources */ = {isa = PBXBuildFile; fileRef = 72C9808E2A7FC62F00499D90 /* CreateTransactionViewModel.swift */; };
		72C980912A80EBA600499D90 /* CBButton.swift in Sources */ = {isa = PBXBuildFile; fileRef = 72C980902A80EBA600499D90 /* CBButton.swift */; };
		72C980962A816E8300499D90 /* ErrorOverlay.swift in Sources */ = {isa = PBXBuildFile; fileRef = 72C980952A816E8300499D90 /* ErrorOverlay.swift */; };
/* End PBXBuildFile section */

/* Begin PBXContainerItemProxy section */
		72607E162A704041009E59F9 /* PBXContainerItemProxy */ = {
			isa = PBXContainerItemProxy;
			containerPortal = 72607DF92A70403B009E59F9 /* Project object */;
			proxyType = 1;
			remoteGlobalIDString = 72607E002A70403B009E59F9;
			remoteInfo = CashBud;
		};
		72607E202A704041009E59F9 /* PBXContainerItemProxy */ = {
			isa = PBXContainerItemProxy;
			containerPortal = 72607DF92A70403B009E59F9 /* Project object */;
			proxyType = 1;
			remoteGlobalIDString = 72607E002A70403B009E59F9;
			remoteInfo = CashBud;
		};
/* End PBXContainerItemProxy section */

/* Begin PBXFileReference section */
		72607E012A70403B009E59F9 /* CashBud.app */ = {isa = PBXFileReference; explicitFileType = wrapper.application; includeInIndex = 0; path = CashBud.app; sourceTree = BUILT_PRODUCTS_DIR; };
		72607E042A70403B009E59F9 /* CashBudApp.swift */ = {isa = PBXFileReference; lastKnownFileType = sourcecode.swift; path = CashBudApp.swift; sourceTree = "<group>"; };
		72607E082A70403B009E59F9 /* Transaction.swift */ = {isa = PBXFileReference; lastKnownFileType = sourcecode.swift; path = Transaction.swift; sourceTree = "<group>"; };
		72607E0A2A704040009E59F9 /* Assets.xcassets */ = {isa = PBXFileReference; lastKnownFileType = folder.assetcatalog; path = Assets.xcassets; sourceTree = "<group>"; };
		72607E0D2A704040009E59F9 /* Preview Assets.xcassets */ = {isa = PBXFileReference; lastKnownFileType = folder.assetcatalog; path = "Preview Assets.xcassets"; sourceTree = "<group>"; };
		72607E0F2A704040009E59F9 /* CashBud.entitlements */ = {isa = PBXFileReference; lastKnownFileType = text.plist.entitlements; path = CashBud.entitlements; sourceTree = "<group>"; };
		72607E102A704040009E59F9 /* Info.plist */ = {isa = PBXFileReference; lastKnownFileType = text.plist.xml; path = Info.plist; sourceTree = "<group>"; };
		72607E152A704041009E59F9 /* CashBudTests.xctest */ = {isa = PBXFileReference; explicitFileType = wrapper.cfbundle; includeInIndex = 0; path = CashBudTests.xctest; sourceTree = BUILT_PRODUCTS_DIR; };
		72607E192A704041009E59F9 /* CashBudTests.swift */ = {isa = PBXFileReference; lastKnownFileType = sourcecode.swift; path = CashBudTests.swift; sourceTree = "<group>"; };
		72607E1F2A704041009E59F9 /* CashBudUITests.xctest */ = {isa = PBXFileReference; explicitFileType = wrapper.cfbundle; includeInIndex = 0; path = CashBudUITests.xctest; sourceTree = BUILT_PRODUCTS_DIR; };
		72607E232A704041009E59F9 /* CashBudUITests.swift */ = {isa = PBXFileReference; lastKnownFileType = sourcecode.swift; path = CashBudUITests.swift; sourceTree = "<group>"; };
		72607E252A704041009E59F9 /* CashBudUITestsLaunchTests.swift */ = {isa = PBXFileReference; lastKnownFileType = sourcecode.swift; path = CashBudUITestsLaunchTests.swift; sourceTree = "<group>"; };
		72607E332A7108F6009E59F9 /* OverviewView.swift */ = {isa = PBXFileReference; lastKnownFileType = sourcecode.swift; path = OverviewView.swift; sourceTree = "<group>"; };
		72607E352A710A9C009E59F9 /* OverviewViewModel.swift */ = {isa = PBXFileReference; lastKnownFileType = sourcecode.swift; path = OverviewViewModel.swift; sourceTree = "<group>"; };
		72607E3F2A753F0B009E59F9 /* LocalPersistenceService.swift */ = {isa = PBXFileReference; lastKnownFileType = sourcecode.swift; path = LocalPersistenceService.swift; sourceTree = "<group>"; };
		72607E412A77E0AE009E59F9 /* TransactionsListView.swift */ = {isa = PBXFileReference; lastKnownFileType = sourcecode.swift; path = TransactionsListView.swift; sourceTree = "<group>"; };
		72607E432A77E4ED009E59F9 /* TransactionsListViewModel.swift */ = {isa = PBXFileReference; lastKnownFileType = sourcecode.swift; path = TransactionsListViewModel.swift; sourceTree = "<group>"; };
		7292D36C2A9F9266006BA2AE /* TransactionMapper.swift */ = {isa = PBXFileReference; lastKnownFileType = sourcecode.swift; path = TransactionMapper.swift; sourceTree = "<group>"; };
		72C9806F2A78FAE900499D90 /* Constants.swift */ = {isa = PBXFileReference; lastKnownFileType = sourcecode.swift; path = Constants.swift; sourceTree = "<group>"; };
		72C980712A78FF0C00499D90 /* TransactionsManager.swift */ = {isa = PBXFileReference; lastKnownFileType = sourcecode.swift; path = TransactionsManager.swift; sourceTree = "<group>"; };
		72C980732A792A0900499D90 /* ChartView.swift */ = {isa = PBXFileReference; lastKnownFileType = sourcecode.swift; path = ChartView.swift; sourceTree = "<group>"; };
		72C9807F2A7A73D000499D90 /* ChartViewModel.swift */ = {isa = PBXFileReference; lastKnownFileType = sourcecode.swift; path = ChartViewModel.swift; sourceTree = "<group>"; };
		72C980832A7E42AA00499D90 /* TransactionCreationProcessModel.swift */ = {isa = PBXFileReference; lastKnownFileType = sourcecode.swift; path = TransactionCreationProcessModel.swift; sourceTree = "<group>"; };
		72C9808C2A7FC09F00499D90 /* CreateTransactionView.swift */ = {isa = PBXFileReference; lastKnownFileType = sourcecode.swift; path = CreateTransactionView.swift; sourceTree = "<group>"; };
		72C9808E2A7FC62F00499D90 /* CreateTransactionViewModel.swift */ = {isa = PBXFileReference; lastKnownFileType = sourcecode.swift; path = CreateTransactionViewModel.swift; sourceTree = "<group>"; };
		72C980902A80EBA600499D90 /* CBButton.swift */ = {isa = PBXFileReference; lastKnownFileType = sourcecode.swift; path = CBButton.swift; sourceTree = "<group>"; };
		72C980952A816E8300499D90 /* ErrorOverlay.swift */ = {isa = PBXFileReference; lastKnownFileType = sourcecode.swift; path = ErrorOverlay.swift; sourceTree = "<group>"; };
/* End PBXFileReference section */

/* Begin PBXFrameworksBuildPhase section */
		72607DFE2A70403B009E59F9 /* Frameworks */ = {
			isa = PBXFrameworksBuildPhase;
			buildActionMask = 2147483647;
			files = (
			);
			runOnlyForDeploymentPostprocessing = 0;
		};
		72607E122A704040009E59F9 /* Frameworks */ = {
			isa = PBXFrameworksBuildPhase;
			buildActionMask = 2147483647;
			files = (
			);
			runOnlyForDeploymentPostprocessing = 0;
		};
		72607E1C2A704041009E59F9 /* Frameworks */ = {
			isa = PBXFrameworksBuildPhase;
			buildActionMask = 2147483647;
			files = (
			);
			runOnlyForDeploymentPostprocessing = 0;
		};
/* End PBXFrameworksBuildPhase section */

/* Begin PBXGroup section */
		72607DF82A70403B009E59F9 = {
			isa = PBXGroup;
			children = (
				72607E032A70403B009E59F9 /* CashBud */,
				72607E182A704041009E59F9 /* CashBudTests */,
				72607E222A704041009E59F9 /* CashBudUITests */,
				72607E022A70403B009E59F9 /* Products */,
			);
			sourceTree = "<group>";
		};
		72607E022A70403B009E59F9 /* Products */ = {
			isa = PBXGroup;
			children = (
				72607E012A70403B009E59F9 /* CashBud.app */,
				72607E152A704041009E59F9 /* CashBudTests.xctest */,
				72607E1F2A704041009E59F9 /* CashBudUITests.xctest */,
			);
			name = Products;
			sourceTree = "<group>";
		};
		72607E032A70403B009E59F9 /* CashBud */ = {
			isa = PBXGroup;
			children = (
				72607E042A70403B009E59F9 /* CashBudApp.swift */,
				72C9806F2A78FAE900499D90 /* Constants.swift */,
				72C980822A7E427A00499D90 /* Model */,
				7292D36B2A9F924F006BA2AE /* Mapper */,
				72C9809C2A81783C00499D90 /* Views */,
				72607E322A7065E0009E59F9 /* Scenes */,
				72C980812A7AE42000499D90 /* Manager */,
				72607E3E2A74FCFE009E59F9 /* Service */,
				72607E0A2A704040009E59F9 /* Assets.xcassets */,
				72607E0F2A704040009E59F9 /* CashBud.entitlements */,
				72607E102A704040009E59F9 /* Info.plist */,
				72607E0C2A704040009E59F9 /* Preview Content */,
			);
			path = CashBud;
			sourceTree = "<group>";
		};
		72607E0C2A704040009E59F9 /* Preview Content */ = {
			isa = PBXGroup;
			children = (
				72607E0D2A704040009E59F9 /* Preview Assets.xcassets */,
			);
			path = "Preview Content";
			sourceTree = "<group>";
		};
		72607E182A704041009E59F9 /* CashBudTests */ = {
			isa = PBXGroup;
			children = (
				72607E192A704041009E59F9 /* CashBudTests.swift */,
			);
			path = CashBudTests;
			sourceTree = "<group>";
		};
		72607E222A704041009E59F9 /* CashBudUITests */ = {
			isa = PBXGroup;
			children = (
				72607E232A704041009E59F9 /* CashBudUITests.swift */,
				72607E252A704041009E59F9 /* CashBudUITestsLaunchTests.swift */,
			);
			path = CashBudUITests;
			sourceTree = "<group>";
		};
		72607E322A7065E0009E59F9 /* Scenes */ = {
			isa = PBXGroup;
			children = (
				72C9809A2A8177E500499D90 /* Charts */,
				72C980992A8177D900499D90 /* Overview */,
				72C980982A8177BD00499D90 /* TransactionsList */,
				72C980972A8177AF00499D90 /* CreateTransaction */,
			);
			path = Scenes;
			sourceTree = "<group>";
		};
		72607E3E2A74FCFE009E59F9 /* Service */ = {
			isa = PBXGroup;
			children = (
				72607E3F2A753F0B009E59F9 /* LocalPersistenceService.swift */,
			);
			path = Service;
			sourceTree = "<group>";
		};
		7292D36B2A9F924F006BA2AE /* Mapper */ = {
			isa = PBXGroup;
			children = (
				7292D36C2A9F9266006BA2AE /* TransactionMapper.swift */,
			);
			path = Mapper;
			sourceTree = "<group>";
		};
		72C980812A7AE42000499D90 /* Manager */ = {
			isa = PBXGroup;
			children = (
				72C980712A78FF0C00499D90 /* TransactionsManager.swift */,
			);
			path = Manager;
			sourceTree = "<group>";
		};
		72C980822A7E427A00499D90 /* Model */ = {
			isa = PBXGroup;
			children = (
				72C980832A7E42AA00499D90 /* TransactionCreationProcessModel.swift */,
				72607E082A70403B009E59F9 /* Transaction.swift */,
			);
			path = Model;
			sourceTree = "<group>";
		};
		72C980972A8177AF00499D90 /* CreateTransaction */ = {
			isa = PBXGroup;
			children = (
				72C9808E2A7FC62F00499D90 /* CreateTransactionViewModel.swift */,
				72C9808C2A7FC09F00499D90 /* CreateTransactionView.swift */,
			);
			path = CreateTransaction;
			sourceTree = "<group>";
		};
		72C980982A8177BD00499D90 /* TransactionsList */ = {
			isa = PBXGroup;
			children = (
				72607E432A77E4ED009E59F9 /* TransactionsListViewModel.swift */,
				72607E412A77E0AE009E59F9 /* TransactionsListView.swift */,
			);
			path = TransactionsList;
			sourceTree = "<group>";
		};
		72C980992A8177D900499D90 /* Overview */ = {
			isa = PBXGroup;
			children = (
				72607E352A710A9C009E59F9 /* OverviewViewModel.swift */,
				72607E332A7108F6009E59F9 /* OverviewView.swift */,
			);
			path = Overview;
			sourceTree = "<group>";
		};
		72C9809A2A8177E500499D90 /* Charts */ = {
			isa = PBXGroup;
			children = (
				72C9807F2A7A73D000499D90 /* ChartViewModel.swift */,
				72C980732A792A0900499D90 /* ChartView.swift */,
			);
			path = Charts;
			sourceTree = "<group>";
		};
		72C9809C2A81783C00499D90 /* Views */ = {
			isa = PBXGroup;
			children = (
				72C980902A80EBA600499D90 /* CBButton.swift */,
				72C980952A816E8300499D90 /* ErrorOverlay.swift */,
			);
			path = Views;
			sourceTree = "<group>";
		};
/* End PBXGroup section */

/* Begin PBXNativeTarget section */
		72607E002A70403B009E59F9 /* CashBud */ = {
			isa = PBXNativeTarget;
			buildConfigurationList = 72607E292A704041009E59F9 /* Build configuration list for PBXNativeTarget "CashBud" */;
			buildPhases = (
				72607DFD2A70403B009E59F9 /* Sources */,
				72607DFE2A70403B009E59F9 /* Frameworks */,
				72607DFF2A70403B009E59F9 /* Resources */,
			);
			buildRules = (
			);
			dependencies = (
			);
			name = CashBud;
			packageProductDependencies = (
			);
			productName = CashBud;
			productReference = 72607E012A70403B009E59F9 /* CashBud.app */;
			productType = "com.apple.product-type.application";
		};
		72607E142A704040009E59F9 /* CashBudTests */ = {
			isa = PBXNativeTarget;
			buildConfigurationList = 72607E2C2A704041009E59F9 /* Build configuration list for PBXNativeTarget "CashBudTests" */;
			buildPhases = (
				72607E112A704040009E59F9 /* Sources */,
				72607E122A704040009E59F9 /* Frameworks */,
				72607E132A704040009E59F9 /* Resources */,
			);
			buildRules = (
			);
			dependencies = (
				72607E172A704041009E59F9 /* PBXTargetDependency */,
			);
			name = CashBudTests;
			productName = CashBudTests;
			productReference = 72607E152A704041009E59F9 /* CashBudTests.xctest */;
			productType = "com.apple.product-type.bundle.unit-test";
		};
		72607E1E2A704041009E59F9 /* CashBudUITests */ = {
			isa = PBXNativeTarget;
			buildConfigurationList = 72607E2F2A704041009E59F9 /* Build configuration list for PBXNativeTarget "CashBudUITests" */;
			buildPhases = (
				72607E1B2A704041009E59F9 /* Sources */,
				72607E1C2A704041009E59F9 /* Frameworks */,
				72607E1D2A704041009E59F9 /* Resources */,
			);
			buildRules = (
			);
			dependencies = (
				72607E212A704041009E59F9 /* PBXTargetDependency */,
			);
			name = CashBudUITests;
			productName = CashBudUITests;
			productReference = 72607E1F2A704041009E59F9 /* CashBudUITests.xctest */;
			productType = "com.apple.product-type.bundle.ui-testing";
		};
/* End PBXNativeTarget section */

/* Begin PBXProject section */
		72607DF92A70403B009E59F9 /* Project object */ = {
			isa = PBXProject;
			attributes = {
				BuildIndependentTargetsInParallel = 1;
				LastSwiftUpdateCheck = 1500;
				LastUpgradeCheck = 1500;
				TargetAttributes = {
					72607E002A70403B009E59F9 = {
						CreatedOnToolsVersion = 15.0;
					};
					72607E142A704040009E59F9 = {
						CreatedOnToolsVersion = 15.0;
						TestTargetID = 72607E002A70403B009E59F9;
					};
					72607E1E2A704041009E59F9 = {
						CreatedOnToolsVersion = 15.0;
						TestTargetID = 72607E002A70403B009E59F9;
					};
				};
			};
			buildConfigurationList = 72607DFC2A70403B009E59F9 /* Build configuration list for PBXProject "CashBud" */;
			compatibilityVersion = "Xcode 14.0";
			developmentRegion = en;
			hasScannedForEncodings = 0;
			knownRegions = (
				en,
				Base,
			);
			mainGroup = 72607DF82A70403B009E59F9;
			packageReferences = (
			);
			productRefGroup = 72607E022A70403B009E59F9 /* Products */;
			projectDirPath = "";
			projectRoot = "";
			targets = (
				72607E002A70403B009E59F9 /* CashBud */,
				72607E142A704040009E59F9 /* CashBudTests */,
				72607E1E2A704041009E59F9 /* CashBudUITests */,
			);
		};
/* End PBXProject section */

/* Begin PBXResourcesBuildPhase section */
		72607DFF2A70403B009E59F9 /* Resources */ = {
			isa = PBXResourcesBuildPhase;
			buildActionMask = 2147483647;
			files = (
				72607E0E2A704040009E59F9 /* Preview Assets.xcassets in Resources */,
				72607E0B2A704040009E59F9 /* Assets.xcassets in Resources */,
			);
			runOnlyForDeploymentPostprocessing = 0;
		};
		72607E132A704040009E59F9 /* Resources */ = {
			isa = PBXResourcesBuildPhase;
			buildActionMask = 2147483647;
			files = (
			);
			runOnlyForDeploymentPostprocessing = 0;
		};
		72607E1D2A704041009E59F9 /* Resources */ = {
			isa = PBXResourcesBuildPhase;
			buildActionMask = 2147483647;
			files = (
			);
			runOnlyForDeploymentPostprocessing = 0;
		};
/* End PBXResourcesBuildPhase section */

/* Begin PBXSourcesBuildPhase section */
		72607DFD2A70403B009E59F9 /* Sources */ = {
			isa = PBXSourcesBuildPhase;
			buildActionMask = 2147483647;
			files = (
				72607E422A77E0AE009E59F9 /* TransactionsListView.swift in Sources */,
				72607E442A77E4ED009E59F9 /* TransactionsListViewModel.swift in Sources */,
				72C9808F2A7FC62F00499D90 /* CreateTransactionViewModel.swift in Sources */,
				72C980802A7A73D000499D90 /* ChartViewModel.swift in Sources */,
				72C980742A792A0900499D90 /* ChartView.swift in Sources */,
				72607E092A70403B009E59F9 /* Transaction.swift in Sources */,
				72607E052A70403B009E59F9 /* CashBudApp.swift in Sources */,
				72C9808D2A7FC09F00499D90 /* CreateTransactionView.swift in Sources */,
				72607E362A710A9C009E59F9 /* OverviewViewModel.swift in Sources */,
				72C980912A80EBA600499D90 /* CBButton.swift in Sources */,
				72C980722A78FF0C00499D90 /* TransactionsManager.swift in Sources */,
				72C980962A816E8300499D90 /* ErrorOverlay.swift in Sources */,
				72C980842A7E42AA00499D90 /* TransactionCreationProcessModel.swift in Sources */,
				72607E342A7108F6009E59F9 /* OverviewView.swift in Sources */,
				7292D36D2A9F9266006BA2AE /* TransactionMapper.swift in Sources */,
				72607E402A753F0B009E59F9 /* LocalPersistenceService.swift in Sources */,
				72C980702A78FAE900499D90 /* Constants.swift in Sources */,
			);
			runOnlyForDeploymentPostprocessing = 0;
		};
		72607E112A704040009E59F9 /* Sources */ = {
			isa = PBXSourcesBuildPhase;
			buildActionMask = 2147483647;
			files = (
				72607E1A2A704041009E59F9 /* CashBudTests.swift in Sources */,
			);
			runOnlyForDeploymentPostprocessing = 0;
		};
		72607E1B2A704041009E59F9 /* Sources */ = {
			isa = PBXSourcesBuildPhase;
			buildActionMask = 2147483647;
			files = (
				72607E242A704041009E59F9 /* CashBudUITests.swift in Sources */,
				72607E262A704041009E59F9 /* CashBudUITestsLaunchTests.swift in Sources */,
			);
			runOnlyForDeploymentPostprocessing = 0;
		};
/* End PBXSourcesBuildPhase section */

/* Begin PBXTargetDependency section */
		72607E172A704041009E59F9 /* PBXTargetDependency */ = {
			isa = PBXTargetDependency;
			target = 72607E002A70403B009E59F9 /* CashBud */;
			targetProxy = 72607E162A704041009E59F9 /* PBXContainerItemProxy */;
		};
		72607E212A704041009E59F9 /* PBXTargetDependency */ = {
			isa = PBXTargetDependency;
			target = 72607E002A70403B009E59F9 /* CashBud */;
			targetProxy = 72607E202A704041009E59F9 /* PBXContainerItemProxy */;
		};
/* End PBXTargetDependency section */

/* Begin XCBuildConfiguration section */
		72607E272A704041009E59F9 /* Debug */ = {
			isa = XCBuildConfiguration;
			buildSettings = {
				ALWAYS_SEARCH_USER_PATHS = NO;
				ASSETCATALOG_COMPILER_GENERATE_SWIFT_ASSET_SYMBOL_EXTENSIONS = YES;
				CLANG_ANALYZER_NONNULL = YES;
				CLANG_ANALYZER_NUMBER_OBJECT_CONVERSION = YES_AGGRESSIVE;
				CLANG_CXX_LANGUAGE_STANDARD = "gnu++20";
				CLANG_ENABLE_MODULES = YES;
				CLANG_ENABLE_OBJC_ARC = YES;
				CLANG_ENABLE_OBJC_WEAK = YES;
				CLANG_WARN_BLOCK_CAPTURE_AUTORELEASING = YES;
				CLANG_WARN_BOOL_CONVERSION = YES;
				CLANG_WARN_COMMA = YES;
				CLANG_WARN_CONSTANT_CONVERSION = YES;
				CLANG_WARN_DEPRECATED_OBJC_IMPLEMENTATIONS = YES;
				CLANG_WARN_DIRECT_OBJC_ISA_USAGE = YES_ERROR;
				CLANG_WARN_DOCUMENTATION_COMMENTS = YES;
				CLANG_WARN_EMPTY_BODY = YES;
				CLANG_WARN_ENUM_CONVERSION = YES;
				CLANG_WARN_INFINITE_RECURSION = YES;
				CLANG_WARN_INT_CONVERSION = YES;
				CLANG_WARN_NON_LITERAL_NULL_CONVERSION = YES;
				CLANG_WARN_OBJC_IMPLICIT_RETAIN_SELF = YES;
				CLANG_WARN_OBJC_LITERAL_CONVERSION = YES;
				CLANG_WARN_OBJC_ROOT_CLASS = YES_ERROR;
				CLANG_WARN_QUOTED_INCLUDE_IN_FRAMEWORK_HEADER = YES;
				CLANG_WARN_RANGE_LOOP_ANALYSIS = YES;
				CLANG_WARN_STRICT_PROTOTYPES = YES;
				CLANG_WARN_SUSPICIOUS_MOVE = YES;
				CLANG_WARN_UNGUARDED_AVAILABILITY = YES_AGGRESSIVE;
				CLANG_WARN_UNREACHABLE_CODE = YES;
				CLANG_WARN__DUPLICATE_METHOD_MATCH = YES;
				COPY_PHASE_STRIP = NO;
				DEBUG_INFORMATION_FORMAT = dwarf;
				ENABLE_STRICT_OBJC_MSGSEND = YES;
				ENABLE_TESTABILITY = YES;
				ENABLE_USER_SCRIPT_SANDBOXING = YES;
				GCC_C_LANGUAGE_STANDARD = gnu17;
				GCC_DYNAMIC_NO_PIC = NO;
				GCC_NO_COMMON_BLOCKS = YES;
				GCC_OPTIMIZATION_LEVEL = 0;
				GCC_PREPROCESSOR_DEFINITIONS = (
					"DEBUG=1",
					"$(inherited)",
				);
				GCC_WARN_64_TO_32_BIT_CONVERSION = YES;
				GCC_WARN_ABOUT_RETURN_TYPE = YES_ERROR;
				GCC_WARN_UNDECLARED_SELECTOR = YES;
				GCC_WARN_UNINITIALIZED_AUTOS = YES_AGGRESSIVE;
				GCC_WARN_UNUSED_FUNCTION = YES;
				GCC_WARN_UNUSED_VARIABLE = YES;
				IPHONEOS_DEPLOYMENT_TARGET = 17.0;
				LOCALIZATION_PREFERS_STRING_CATALOGS = YES;
				MTL_ENABLE_DEBUG_INFO = INCLUDE_SOURCE;
				MTL_FAST_MATH = YES;
				ONLY_ACTIVE_ARCH = YES;
				SDKROOT = iphoneos;
				SWIFT_ACTIVE_COMPILATION_CONDITIONS = "DEBUG $(inherited)";
				SWIFT_OPTIMIZATION_LEVEL = "-Onone";
			};
			name = Debug;
		};
		72607E282A704041009E59F9 /* Release */ = {
			isa = XCBuildConfiguration;
			buildSettings = {
				ALWAYS_SEARCH_USER_PATHS = NO;
				ASSETCATALOG_COMPILER_GENERATE_SWIFT_ASSET_SYMBOL_EXTENSIONS = YES;
				CLANG_ANALYZER_NONNULL = YES;
				CLANG_ANALYZER_NUMBER_OBJECT_CONVERSION = YES_AGGRESSIVE;
				CLANG_CXX_LANGUAGE_STANDARD = "gnu++20";
				CLANG_ENABLE_MODULES = YES;
				CLANG_ENABLE_OBJC_ARC = YES;
				CLANG_ENABLE_OBJC_WEAK = YES;
				CLANG_WARN_BLOCK_CAPTURE_AUTORELEASING = YES;
				CLANG_WARN_BOOL_CONVERSION = YES;
				CLANG_WARN_COMMA = YES;
				CLANG_WARN_CONSTANT_CONVERSION = YES;
				CLANG_WARN_DEPRECATED_OBJC_IMPLEMENTATIONS = YES;
				CLANG_WARN_DIRECT_OBJC_ISA_USAGE = YES_ERROR;
				CLANG_WARN_DOCUMENTATION_COMMENTS = YES;
				CLANG_WARN_EMPTY_BODY = YES;
				CLANG_WARN_ENUM_CONVERSION = YES;
				CLANG_WARN_INFINITE_RECURSION = YES;
				CLANG_WARN_INT_CONVERSION = YES;
				CLANG_WARN_NON_LITERAL_NULL_CONVERSION = YES;
				CLANG_WARN_OBJC_IMPLICIT_RETAIN_SELF = YES;
				CLANG_WARN_OBJC_LITERAL_CONVERSION = YES;
				CLANG_WARN_OBJC_ROOT_CLASS = YES_ERROR;
				CLANG_WARN_QUOTED_INCLUDE_IN_FRAMEWORK_HEADER = YES;
				CLANG_WARN_RANGE_LOOP_ANALYSIS = YES;
				CLANG_WARN_STRICT_PROTOTYPES = YES;
				CLANG_WARN_SUSPICIOUS_MOVE = YES;
				CLANG_WARN_UNGUARDED_AVAILABILITY = YES_AGGRESSIVE;
				CLANG_WARN_UNREACHABLE_CODE = YES;
				CLANG_WARN__DUPLICATE_METHOD_MATCH = YES;
				COPY_PHASE_STRIP = NO;
				DEBUG_INFORMATION_FORMAT = "dwarf-with-dsym";
				ENABLE_NS_ASSERTIONS = NO;
				ENABLE_STRICT_OBJC_MSGSEND = YES;
				ENABLE_USER_SCRIPT_SANDBOXING = YES;
				GCC_C_LANGUAGE_STANDARD = gnu17;
				GCC_NO_COMMON_BLOCKS = YES;
				GCC_WARN_64_TO_32_BIT_CONVERSION = YES;
				GCC_WARN_ABOUT_RETURN_TYPE = YES_ERROR;
				GCC_WARN_UNDECLARED_SELECTOR = YES;
				GCC_WARN_UNINITIALIZED_AUTOS = YES_AGGRESSIVE;
				GCC_WARN_UNUSED_FUNCTION = YES;
				GCC_WARN_UNUSED_VARIABLE = YES;
				IPHONEOS_DEPLOYMENT_TARGET = 17.0;
				LOCALIZATION_PREFERS_STRING_CATALOGS = YES;
				MTL_ENABLE_DEBUG_INFO = NO;
				MTL_FAST_MATH = YES;
				SDKROOT = iphoneos;
				SWIFT_COMPILATION_MODE = wholemodule;
				VALIDATE_PRODUCT = YES;
			};
			name = Release;
		};
		72607E2A2A704041009E59F9 /* Debug */ = {
			isa = XCBuildConfiguration;
			buildSettings = {
				ASSETCATALOG_COMPILER_APPICON_NAME = AppIcon;
				ASSETCATALOG_COMPILER_GLOBAL_ACCENT_COLOR_NAME = AccentColor;
				CODE_SIGN_ENTITLEMENTS = CashBud/CashBud.entitlements;
				CODE_SIGN_STYLE = Automatic;
				CURRENT_PROJECT_VERSION = 1;
				DEVELOPMENT_ASSET_PATHS = "\"CashBud/Preview Content\"";
				DEVELOPMENT_TEAM = UB4GRXVX7Y;
				ENABLE_PREVIEWS = YES;
				GENERATE_INFOPLIST_FILE = YES;
				INFOPLIST_FILE = CashBud/Info.plist;
				INFOPLIST_KEY_UIApplicationSceneManifest_Generation = YES;
				INFOPLIST_KEY_UIApplicationSupportsIndirectInputEvents = YES;
				INFOPLIST_KEY_UILaunchScreen_Generation = YES;
				INFOPLIST_KEY_UISupportedInterfaceOrientations_iPad = "UIInterfaceOrientationPortrait UIInterfaceOrientationPortraitUpsideDown UIInterfaceOrientationLandscapeLeft UIInterfaceOrientationLandscapeRight";
				INFOPLIST_KEY_UISupportedInterfaceOrientations_iPhone = UIInterfaceOrientationPortrait;
				LD_RUNPATH_SEARCH_PATHS = (
					"$(inherited)",
					"@executable_path/Frameworks",
				);
				MARKETING_VERSION = 1.0;
				PRODUCT_BUNDLE_IDENTIFIER = de.oliverdieke.CashBud;
				PRODUCT_NAME = "$(TARGET_NAME)";
				SWIFT_EMIT_LOC_STRINGS = YES;
				SWIFT_VERSION = 5.0;
				TARGETED_DEVICE_FAMILY = "1,2";
			};
			name = Debug;
		};
		72607E2B2A704041009E59F9 /* Release */ = {
			isa = XCBuildConfiguration;
			buildSettings = {
				ASSETCATALOG_COMPILER_APPICON_NAME = AppIcon;
				ASSETCATALOG_COMPILER_GLOBAL_ACCENT_COLOR_NAME = AccentColor;
				CODE_SIGN_ENTITLEMENTS = CashBud/CashBud.entitlements;
				CODE_SIGN_STYLE = Automatic;
				CURRENT_PROJECT_VERSION = 1;
				DEVELOPMENT_ASSET_PATHS = "\"CashBud/Preview Content\"";
				DEVELOPMENT_TEAM = UB4GRXVX7Y;
				ENABLE_PREVIEWS = YES;
				GENERATE_INFOPLIST_FILE = YES;
				INFOPLIST_FILE = CashBud/Info.plist;
				INFOPLIST_KEY_UIApplicationSceneManifest_Generation = YES;
				INFOPLIST_KEY_UIApplicationSupportsIndirectInputEvents = YES;
				INFOPLIST_KEY_UILaunchScreen_Generation = YES;
				INFOPLIST_KEY_UISupportedInterfaceOrientations_iPad = "UIInterfaceOrientationPortrait UIInterfaceOrientationPortraitUpsideDown UIInterfaceOrientationLandscapeLeft UIInterfaceOrientationLandscapeRight";
				INFOPLIST_KEY_UISupportedInterfaceOrientations_iPhone = UIInterfaceOrientationPortrait;
				LD_RUNPATH_SEARCH_PATHS = (
					"$(inherited)",
					"@executable_path/Frameworks",
				);
				MARKETING_VERSION = 1.0;
				PRODUCT_BUNDLE_IDENTIFIER = de.oliverdieke.CashBud;
				PRODUCT_NAME = "$(TARGET_NAME)";
				SWIFT_EMIT_LOC_STRINGS = YES;
				SWIFT_VERSION = 5.0;
				TARGETED_DEVICE_FAMILY = "1,2";
			};
			name = Release;
		};
		72607E2D2A704041009E59F9 /* Debug */ = {
			isa = XCBuildConfiguration;
			buildSettings = {
				ALWAYS_EMBED_SWIFT_STANDARD_LIBRARIES = YES;
				BUNDLE_LOADER = "$(TEST_HOST)";
				CODE_SIGN_STYLE = Automatic;
				CURRENT_PROJECT_VERSION = 1;
				DEVELOPMENT_TEAM = UB4GRXVX7Y;
				GENERATE_INFOPLIST_FILE = YES;
				IPHONEOS_DEPLOYMENT_TARGET = 17.0;
				MARKETING_VERSION = 1.0;
				PRODUCT_BUNDLE_IDENTIFIER = de.oliverdieke.CashBudTests;
				PRODUCT_NAME = "$(TARGET_NAME)";
				SWIFT_EMIT_LOC_STRINGS = NO;
				SWIFT_VERSION = 5.0;
				TARGETED_DEVICE_FAMILY = "1,2";
				TEST_HOST = "$(BUILT_PRODUCTS_DIR)/CashBud.app/$(BUNDLE_EXECUTABLE_FOLDER_PATH)/CashBud";
			};
			name = Debug;
		};
		72607E2E2A704041009E59F9 /* Release */ = {
			isa = XCBuildConfiguration;
			buildSettings = {
				ALWAYS_EMBED_SWIFT_STANDARD_LIBRARIES = YES;
				BUNDLE_LOADER = "$(TEST_HOST)";
				CODE_SIGN_STYLE = Automatic;
				CURRENT_PROJECT_VERSION = 1;
				DEVELOPMENT_TEAM = UB4GRXVX7Y;
				GENERATE_INFOPLIST_FILE = YES;
				IPHONEOS_DEPLOYMENT_TARGET = 17.0;
				MARKETING_VERSION = 1.0;
				PRODUCT_BUNDLE_IDENTIFIER = de.oliverdieke.CashBudTests;
				PRODUCT_NAME = "$(TARGET_NAME)";
				SWIFT_EMIT_LOC_STRINGS = NO;
				SWIFT_VERSION = 5.0;
				TARGETED_DEVICE_FAMILY = "1,2";
				TEST_HOST = "$(BUILT_PRODUCTS_DIR)/CashBud.app/$(BUNDLE_EXECUTABLE_FOLDER_PATH)/CashBud";
			};
			name = Release;
		};
		72607E302A704041009E59F9 /* Debug */ = {
			isa = XCBuildConfiguration;
			buildSettings = {
				ALWAYS_EMBED_SWIFT_STANDARD_LIBRARIES = YES;
				CODE_SIGN_STYLE = Automatic;
				CURRENT_PROJECT_VERSION = 1;
				DEVELOPMENT_TEAM = UB4GRXVX7Y;
				GENERATE_INFOPLIST_FILE = YES;
				MARKETING_VERSION = 1.0;
				PRODUCT_BUNDLE_IDENTIFIER = de.oliverdieke.CashBudUITests;
				PRODUCT_NAME = "$(TARGET_NAME)";
				SWIFT_EMIT_LOC_STRINGS = NO;
				SWIFT_VERSION = 5.0;
				TARGETED_DEVICE_FAMILY = "1,2";
				TEST_TARGET_NAME = CashBud;
			};
			name = Debug;
		};
		72607E312A704041009E59F9 /* Release */ = {
			isa = XCBuildConfiguration;
			buildSettings = {
				ALWAYS_EMBED_SWIFT_STANDARD_LIBRARIES = YES;
				CODE_SIGN_STYLE = Automatic;
				CURRENT_PROJECT_VERSION = 1;
				DEVELOPMENT_TEAM = UB4GRXVX7Y;
				GENERATE_INFOPLIST_FILE = YES;
				MARKETING_VERSION = 1.0;
				PRODUCT_BUNDLE_IDENTIFIER = de.oliverdieke.CashBudUITests;
				PRODUCT_NAME = "$(TARGET_NAME)";
				SWIFT_EMIT_LOC_STRINGS = NO;
				SWIFT_VERSION = 5.0;
				TARGETED_DEVICE_FAMILY = "1,2";
				TEST_TARGET_NAME = CashBud;
			};
			name = Release;
		};
/* End XCBuildConfiguration section */

/* Begin XCConfigurationList section */
		72607DFC2A70403B009E59F9 /* Build configuration list for PBXProject "CashBud" */ = {
			isa = XCConfigurationList;
			buildConfigurations = (
				72607E272A704041009E59F9 /* Debug */,
				72607E282A704041009E59F9 /* Release */,
			);
			defaultConfigurationIsVisible = 0;
			defaultConfigurationName = Release;
		};
		72607E292A704041009E59F9 /* Build configuration list for PBXNativeTarget "CashBud" */ = {
			isa = XCConfigurationList;
			buildConfigurations = (
				72607E2A2A704041009E59F9 /* Debug */,
				72607E2B2A704041009E59F9 /* Release */,
			);
			defaultConfigurationIsVisible = 0;
			defaultConfigurationName = Release;
		};
		72607E2C2A704041009E59F9 /* Build configuration list for PBXNativeTarget "CashBudTests" */ = {
			isa = XCConfigurationList;
			buildConfigurations = (
				72607E2D2A704041009E59F9 /* Debug */,
				72607E2E2A704041009E59F9 /* Release */,
			);
			defaultConfigurationIsVisible = 0;
			defaultConfigurationName = Release;
		};
		72607E2F2A704041009E59F9 /* Build configuration list for PBXNativeTarget "CashBudUITests" */ = {
			isa = XCConfigurationList;
			buildConfigurations = (
				72607E302A704041009E59F9 /* Debug */,
				72607E312A704041009E59F9 /* Release */,
			);
			defaultConfigurationIsVisible = 0;
			defaultConfigurationName = Release;
		};
/* End XCConfigurationList section */
	};
	rootObject = 72607DF92A70403B009E59F9 /* Project object */;
}
